{
  "version": 4,
  "terraform_version": "0.14.8",
  "serial": 8,
  "lineage": "b3d0315c-5759-857d-bf9a-cb0bd6cb03d7",
  "outputs": {},
  "resources": [
    {
      "mode": "managed",
      "type": "azurerm_app_service_plan",
      "name": "function",
      "provider": "provider[\"registry.terraform.io/hashicorp/azurerm\"]",
      "instances": [
        {
          "schema_version": 0,
          "attributes": {
            "app_service_environment_id": "",
            "id": "/subscriptions/7cfb6034-9de8-49ec-9ca5-240385c26267/resourceGroups/devops_workshop/providers/Microsoft.Web/serverfarms/function-appservice-plan",
            "is_xenon": false,
            "kind": "Windows",
            "location": "westeurope",
            "maximum_elastic_worker_count": 1,
            "maximum_number_of_workers": 10,
            "name": "function-appservice-plan",
            "per_site_scaling": false,
            "reserved": false,
            "resource_group_name": "devops_workshop",
            "sku": [
              {
                "capacity": 1,
                "size": "S1",
                "tier": "Standard"
              }
            ],
            "tags": {},
            "timeouts": null
          },
          "sensitive_attributes": [],
          "private": "eyJlMmJmYjczMC1lY2FhLTExZTYtOGY4OC0zNDM2M2JjN2M0YzAiOnsiY3JlYXRlIjozNjAwMDAwMDAwMDAwLCJkZWxldGUiOjM2MDAwMDAwMDAwMDAsInJlYWQiOjMwMDAwMDAwMDAwMCwidXBkYXRlIjozNjAwMDAwMDAwMDAwfX0=",
          "dependencies": [
            "azurerm_resource_group.devops"
          ]
        }
      ]
    },
    {
      "mode": "managed",
      "type": "azurerm_function_app",
      "name": "upload",
      "provider": "provider[\"registry.terraform.io/hashicorp/azurerm\"]",
      "instances": [
        {
          "schema_version": 0,
          "attributes": {
            "app_service_plan_id": "/subscriptions/7cfb6034-9de8-49ec-9ca5-240385c26267/resourceGroups/devops_workshop/providers/Microsoft.Web/serverfarms/function-appservice-plan",
            "app_settings": {},
            "auth_settings": [
              {
                "active_directory": [],
                "additional_login_params": {},
                "allowed_external_redirect_urls": [],
                "default_provider": "",
                "enabled": false,
                "facebook": [],
                "google": [],
                "issuer": "",
                "microsoft": [],
                "runtime_version": "",
                "token_refresh_extension_hours": 0,
                "token_store_enabled": false,
                "twitter": [],
                "unauthenticated_client_action": ""
              }
            ],
            "client_affinity_enabled": false,
            "connection_string": [],
            "custom_domain_verification_id": "31C89D7F75465341515EEEBA978AC73E6C84C7D63946EAA6380681EEEF699E67",
            "daily_memory_time_quota": 0,
            "default_hostname": "uploadstoragefornewdocs.azurewebsites.net",
            "enable_builtin_logging": true,
            "enabled": true,
            "https_only": false,
            "id": "/subscriptions/7cfb6034-9de8-49ec-9ca5-240385c26267/resourceGroups/devops_workshop/providers/Microsoft.Web/sites/uploadstoragefornewdocs",
            "identity": [],
            "kind": "functionapp",
            "location": "westeurope",
            "name": "uploadstoragefornewdocs",
            "os_type": "",
            "outbound_ip_addresses": "51.124.87.235,51.124.87.45,51.124.87.248,51.137.24.156,51.124.83.108,51.137.25.3,20.50.2.36",
            "possible_outbound_ip_addresses": "51.124.87.235,51.124.87.45,51.124.87.248,51.137.24.156,51.124.83.108,51.137.25.3,51.137.26.11,51.137.26.148,51.137.27.169,51.137.28.74,51.137.29.15,51.137.29.114,20.76.26.34,20.76.26.66,20.76.26.77,20.73.201.59,20.76.26.138,20.73.204.56,20.73.134.164,20.76.26.153,20.73.134.226,20.76.26.176,20.76.26.209,20.76.26.239,51.137.30.153,51.137.31.1,51.138.25.142,51.138.27.94,51.138.27.242,51.138.28.98,20.50.2.36",
            "resource_group_name": "devops_workshop",
            "site_config": [
              {
                "always_on": false,
                "auto_swap_slot_name": "",
                "cors": [
                  {
                    "allowed_origins": [
                      "https://functions-next.azure.com",
                      "https://functions-staging.azure.com",
                      "https://functions.azure.com"
                    ],
                    "support_credentials": false
                  }
                ],
                "ftps_state": "AllAllowed",
                "health_check_path": "",
                "http2_enabled": false,
                "ip_restriction": [],
                "linux_fx_version": "",
                "min_tls_version": "1.2",
                "pre_warmed_instance_count": 0,
                "scm_ip_restriction": [],
                "scm_type": "None",
                "scm_use_main_ip_restriction": false,
                "use_32_bit_worker_process": true,
                "websockets_enabled": false
              }
            ],
            "site_credential": [
              {
                "password": "BYbiqTZjpvqbwiquMyuJpEprhfmB3XbMk4kZWPygi6RETsqoyZ6KbQGPz8gZ",
                "username": "$uploadstoragefornewdocs"
              }
            ],
            "source_control": [
              {
                "branch": "master",
                "manual_integration": false,
                "repo_url": "",
                "rollback_enabled": false,
                "use_mercurial": false
              }
            ],
            "storage_account_access_key": "iNO83Ij7LSpdV4tEdJhFhs5gLJDSBc4xxdwgXqh6bJ9O0qcdWUbTUne3tWJ61Kv+ez1HR1aNFzdZfxaNUVL9FA==",
            "storage_account_name": "uploadstoragefornewdocs",
            "storage_connection_string": "DefaultEndpointsProtocol=https;AccountName=uploadstoragefornewdocs;AccountKey=iNO83Ij7LSpdV4tEdJhFhs5gLJDSBc4xxdwgXqh6bJ9O0qcdWUbTUne3tWJ61Kv+ez1HR1aNFzdZfxaNUVL9FA==;EndpointSuffix=core.windows.net",
            "tags": null,
            "timeouts": null,
            "version": "~1"
          },
          "sensitive_attributes": [],
          "private": "eyJlMmJmYjczMC1lY2FhLTExZTYtOGY4OC0zNDM2M2JjN2M0YzAiOnsiY3JlYXRlIjoxODAwMDAwMDAwMDAwLCJkZWxldGUiOjE4MDAwMDAwMDAwMDAsInJlYWQiOjMwMDAwMDAwMDAwMCwidXBkYXRlIjoxODAwMDAwMDAwMDAwfX0=",
          "dependencies": [
            "azurerm_app_service_plan.function",
            "azurerm_resource_group.devops",
            "azurerm_storage_account.upload"
          ]
        }
      ]
    },
    {
      "mode": "managed",
      "type": "azurerm_resource_group",
      "name": "devops",
      "provider": "provider[\"registry.terraform.io/hashicorp/azurerm\"]",
      "instances": [
        {
          "schema_version": 0,
          "attributes": {
            "id": "/subscriptions/7cfb6034-9de8-49ec-9ca5-240385c26267/resourceGroups/devops_workshop",
            "location": "westeurope",
            "name": "devops_workshop",
            "tags": {},
            "timeouts": null
          },
          "sensitive_attributes": [],
          "private": "eyJlMmJmYjczMC1lY2FhLTExZTYtOGY4OC0zNDM2M2JjN2M0YzAiOnsiY3JlYXRlIjo1NDAwMDAwMDAwMDAwLCJkZWxldGUiOjU0MDAwMDAwMDAwMDAsInJlYWQiOjMwMDAwMDAwMDAwMCwidXBkYXRlIjo1NDAwMDAwMDAwMDAwfX0="
        }
      ]
    },
    {
      "mode": "managed",
      "type": "azurerm_storage_account",
      "name": "upload",
      "provider": "provider[\"registry.terraform.io/hashicorp/azurerm\"]",
      "instances": [
        {
          "schema_version": 2,
          "attributes": {
            "access_tier": "Hot",
            "account_kind": "StorageV2",
            "account_replication_type": "LRS",
            "account_tier": "Standard",
            "allow_blob_public_access": false,
            "blob_properties": [],
            "custom_domain": [],
            "enable_https_traffic_only": true,
            "id": "/subscriptions/7cfb6034-9de8-49ec-9ca5-240385c26267/resourceGroups/devops_workshop/providers/Microsoft.Storage/storageAccounts/uploadstoragefornewdocs",
            "identity": [],
            "is_hns_enabled": false,
            "large_file_share_enabled": null,
            "location": "westeurope",
            "min_tls_version": "TLS1_0",
            "name": "uploadstoragefornewdocs",
            "network_rules": [
              {
                "bypass": [
                  "AzureServices"
                ],
                "default_action": "Allow",
                "ip_rules": [],
                "virtual_network_subnet_ids": []
              }
            ],
            "primary_access_key": "iNO83Ij7LSpdV4tEdJhFhs5gLJDSBc4xxdwgXqh6bJ9O0qcdWUbTUne3tWJ61Kv+ez1HR1aNFzdZfxaNUVL9FA==",
            "primary_blob_connection_string": "DefaultEndpointsProtocol=https;BlobEndpoint=https://uploadstoragefornewdocs.blob.core.windows.net/;AccountName=uploadstoragefornewdocs;AccountKey=iNO83Ij7LSpdV4tEdJhFhs5gLJDSBc4xxdwgXqh6bJ9O0qcdWUbTUne3tWJ61Kv+ez1HR1aNFzdZfxaNUVL9FA==",
            "primary_blob_endpoint": "https://uploadstoragefornewdocs.blob.core.windows.net/",
            "primary_blob_host": "uploadstoragefornewdocs.blob.core.windows.net",
            "primary_connection_string": "DefaultEndpointsProtocol=https;AccountName=uploadstoragefornewdocs;AccountKey=iNO83Ij7LSpdV4tEdJhFhs5gLJDSBc4xxdwgXqh6bJ9O0qcdWUbTUne3tWJ61Kv+ez1HR1aNFzdZfxaNUVL9FA==;EndpointSuffix=core.windows.net",
            "primary_dfs_endpoint": "https://uploadstoragefornewdocs.dfs.core.windows.net/",
            "primary_dfs_host": "uploadstoragefornewdocs.dfs.core.windows.net",
            "primary_file_endpoint": "https://uploadstoragefornewdocs.file.core.windows.net/",
            "primary_file_host": "uploadstoragefornewdocs.file.core.windows.net",
            "primary_location": "westeurope",
            "primary_queue_endpoint": "https://uploadstoragefornewdocs.queue.core.windows.net/",
            "primary_queue_host": "uploadstoragefornewdocs.queue.core.windows.net",
            "primary_table_endpoint": "https://uploadstoragefornewdocs.table.core.windows.net/",
            "primary_table_host": "uploadstoragefornewdocs.table.core.windows.net",
            "primary_web_endpoint": "https://uploadstoragefornewdocs.z6.web.core.windows.net/",
            "primary_web_host": "uploadstoragefornewdocs.z6.web.core.windows.net",
            "queue_properties": [
              {
                "cors_rule": [],
                "hour_metrics": [
                  {
                    "enabled": true,
                    "include_apis": true,
                    "retention_policy_days": 7,
                    "version": "1.0"
                  }
                ],
                "logging": [
                  {
                    "delete": false,
                    "read": false,
                    "retention_policy_days": 0,
                    "version": "1.0",
                    "write": false
                  }
                ],
                "minute_metrics": [
                  {
                    "enabled": false,
                    "include_apis": false,
                    "retention_policy_days": 0,
                    "version": "1.0"
                  }
                ]
              }
            ],
            "resource_group_name": "devops_workshop",
            "secondary_access_key": "P9AwYPsPyq2DkEqh+Ljdv6nTYvh5bUBOjUXkRrcubEmAp6NyuLAXy2f4DSvjCo/W09b/U2JMQDPMWqoycvI7jA==",
            "secondary_blob_connection_string": "",
            "secondary_blob_endpoint": null,
            "secondary_blob_host": null,
            "secondary_connection_string": "DefaultEndpointsProtocol=https;AccountName=uploadstoragefornewdocs;AccountKey=P9AwYPsPyq2DkEqh+Ljdv6nTYvh5bUBOjUXkRrcubEmAp6NyuLAXy2f4DSvjCo/W09b/U2JMQDPMWqoycvI7jA==;EndpointSuffix=core.windows.net",
            "secondary_dfs_endpoint": null,
            "secondary_dfs_host": null,
            "secondary_file_endpoint": null,
            "secondary_file_host": null,
            "secondary_location": "",
            "secondary_queue_endpoint": null,
            "secondary_queue_host": null,
            "secondary_table_endpoint": null,
            "secondary_table_host": null,
            "secondary_web_endpoint": null,
            "secondary_web_host": null,
            "static_website": [],
            "tags": {},
            "timeouts": null
          },
          "sensitive_attributes": [],
          "private": "eyJlMmJmYjczMC1lY2FhLTExZTYtOGY4OC0zNDM2M2JjN2M0YzAiOnsiY3JlYXRlIjozNjAwMDAwMDAwMDAwLCJkZWxldGUiOjM2MDAwMDAwMDAwMDAsInJlYWQiOjMwMDAwMDAwMDAwMCwidXBkYXRlIjozNjAwMDAwMDAwMDAwfSwic2NoZW1hX3ZlcnNpb24iOiIyIn0=",
          "dependencies": [
            "azurerm_resource_group.devops"
          ]
        }
      ]
    }
  ]
}
